<Solution>
  <Folder Name="/apps/" />
  <Folder Name="/apps/notification-functions/">
    <Project Path="apps/notification-functions/Project.Functions.csproj" />
  </Folder>
  <Folder Name="/apps/ordering-api/">
    <Project Path="apps/ordering-api/Project.API.csproj" />
  </Folder>
  <Folder Name="/libs/" />
  <Folder Name="/libs/ordering-data/">
    <Project Path="libs/ordering-data/Project.Data.Models.csproj" />
  </Folder>
</Solution>
