<Solution>
  <Folder Name="/apps/">
    <Project Path="apps/api/Project.API.csproj" />
  </Folder>
  <Folder Name="/libs/">
    <Project Path="libs/Project.Data.EFCore.Migrations/Project.Data.EFCore.Migrations.csproj" />
    <Project Path="libs/Project.Data.EFCore/Project.Data.EFCore.csproj" />
  </Folder>
</Solution>
